// !$*UTF8*$!
{
	archiveVersion = 1;
	classes = {
	};
	objectVersion = 46;
	objects = {

/* Begin PBXBuildFile section */
		081CF3623F01DD6CE47DA613 /* Pods_FlickrClient.framework in Frameworks */ = {isa = PBXBuildFile; fileRef = 94FDF6896F4FF6E771AB285D /* Pods_FlickrClient.framework */; };
		5AB795471D902CDE0072B0D2 /* AppDelegate.swift in Sources */ = {isa = PBXBuildFile; fileRef = 5AB795461D902CDE0072B0D2 /* AppDelegate.swift */; };
		5AB795491D902CDE0072B0D2 /* FlickrSearchViewController.swift in Sources */ = {isa = PBXBuildFile; fileRef = 5AB795481D902CDE0072B0D2 /* FlickrSearchViewController.swift */; };
		5AB7954C1D902CDE0072B0D2 /* Main.storyboard in Resources */ = {isa = PBXBuildFile; fileRef = 5AB7954A1D902CDE0072B0D2 /* Main.storyboard */; };
		5AB7954E1D902CDE0072B0D2 /* Assets.xcassets in Resources */ = {isa = PBXBuildFile; fileRef = 5AB7954D1D902CDE0072B0D2 /* Assets.xcassets */; };
		5AB795511D902CDE0072B0D2 /* LaunchScreen.storyboard in Resources */ = {isa = PBXBuildFile; fileRef = 5AB7954F1D902CDE0072B0D2 /* LaunchScreen.storyboard */; };
		5AB7955C1D902CDE0072B0D2 /* FlickrClientTests.swift in Sources */ = {isa = PBXBuildFile; fileRef = 5AB7955B1D902CDE0072B0D2 /* FlickrClientTests.swift */; };
		5AB795671D902CDE0072B0D2 /* FlickrClientUITests.swift in Sources */ = {isa = PBXBuildFile; fileRef = 5AB795661D902CDE0072B0D2 /* FlickrClientUITests.swift */; };
		5AB795B21D90AB430072B0D2 /* FlickrTableViewCell.swift in Sources */ = {isa = PBXBuildFile; fileRef = 5AB795B11D90AB430072B0D2 /* FlickrTableViewCell.swift */; };
		5AB795B61D90B8F10072B0D2 /* FlickrPhoto.swift in Sources */ = {isa = PBXBuildFile; fileRef = 5AB795B51D90B8F10072B0D2 /* FlickrPhoto.swift */; };
		5AB795B91D90BB9D0072B0D2 /* FlickrPhotoDetailsViewController.swift in Sources */ = {isa = PBXBuildFile; fileRef = 5AB795B81D90BB9D0072B0D2 /* FlickrPhotoDetailsViewController.swift */; };
		5AB795BF1D90E1C70072B0D2 /* FlickrService.swift in Sources */ = {isa = PBXBuildFile; fileRef = 5AB795BE1D90E1C70072B0D2 /* FlickrService.swift */; };
		5AB795C21D90E1F60072B0D2 /* JsonUtil.swift in Sources */ = {isa = PBXBuildFile; fileRef = 5AB795C11D90E1F60072B0D2 /* JsonUtil.swift */; };
		5AB795C41D90E24E0072B0D2 /* Constants.swift in Sources */ = {isa = PBXBuildFile; fileRef = 5AB795C31D90E24E0072B0D2 /* Constants.swift */; };
		5AB795CA1D91581C0072B0D2 /* URLBuilderUtil.swift in Sources */ = {isa = PBXBuildFile; fileRef = 5AB795C91D91581C0072B0D2 /* URLBuilderUtil.swift */; };
		5AB795CC1D9170CD0072B0D2 /* AlertUtil.swift in Sources */ = {isa = PBXBuildFile; fileRef = 5AB795CB1D9170CD0072B0D2 /* AlertUtil.swift */; };
		5AB795D11D9271060072B0D2 /* NetworkUtil.swift in Sources */ = {isa = PBXBuildFile; fileRef = 5AB795D01D9271060072B0D2 /* NetworkUtil.swift */; };
		5AB795D31D92724E0072B0D2 /* Reachability.swift in Sources */ = {isa = PBXBuildFile; fileRef = 5AB795D21D92724E0072B0D2 /* Reachability.swift */; };
/* End PBXBuildFile section */

/* Begin PBXContainerItemProxy section */
		5AB795581D902CDE0072B0D2 /* PBXContainerItemProxy */ = {
			isa = PBXContainerItemProxy;
			containerPortal = 5AB7953B1D902CDE0072B0D2 /* Project object */;
			proxyType = 1;
			remoteGlobalIDString = 5AB795421D902CDE0072B0D2;
			remoteInfo = FlickrClient;
		};
		5AB795631D902CDE0072B0D2 /* PBXContainerItemProxy */ = {
			isa = PBXContainerItemProxy;
			containerPortal = 5AB7953B1D902CDE0072B0D2 /* Project object */;
			proxyType = 1;
			remoteGlobalIDString = 5AB795421D902CDE0072B0D2;
			remoteInfo = FlickrClient;
		};
/* End PBXContainerItemProxy section */

/* Begin PBXFileReference section */
		5AB795431D902CDE0072B0D2 /* FlickrClient.app */ = {isa = PBXFileReference; explicitFileType = wrapper.application; includeInIndex = 0; path = FlickrClient.app; sourceTree = BUILT_PRODUCTS_DIR; };
		5AB795461D902CDE0072B0D2 /* AppDelegate.swift */ = {isa = PBXFileReference; lastKnownFileType = sourcecode.swift; path = AppDelegate.swift; sourceTree = "<group>"; };
		5AB795481D902CDE0072B0D2 /* FlickrSearchViewController.swift */ = {isa = PBXFileReference; lastKnownFileType = sourcecode.swift; path = FlickrSearchViewController.swift; sourceTree = "<group>"; };
		5AB7954B1D902CDE0072B0D2 /* Base */ = {isa = PBXFileReference; lastKnownFileType = file.storyboard; name = Base; path = Base.lproj/Main.storyboard; sourceTree = "<group>"; };
		5AB7954D1D902CDE0072B0D2 /* Assets.xcassets */ = {isa = PBXFileReference; lastKnownFileType = folder.assetcatalog; path = Assets.xcassets; sourceTree = "<group>"; };
		5AB795501D902CDE0072B0D2 /* Base */ = {isa = PBXFileReference; lastKnownFileType = file.storyboard; name = Base; path = Base.lproj/LaunchScreen.storyboard; sourceTree = "<group>"; };
		5AB795521D902CDE0072B0D2 /* Info.plist */ = {isa = PBXFileReference; lastKnownFileType = text.plist.xml; path = Info.plist; sourceTree = "<group>"; };
		5AB795571D902CDE0072B0D2 /* FlickrClientTests.xctest */ = {isa = PBXFileReference; explicitFileType = wrapper.cfbundle; includeInIndex = 0; path = FlickrClientTests.xctest; sourceTree = BUILT_PRODUCTS_DIR; };
		5AB7955B1D902CDE0072B0D2 /* FlickrClientTests.swift */ = {isa = PBXFileReference; lastKnownFileType = sourcecode.swift; path = FlickrClientTests.swift; sourceTree = "<group>"; };
		5AB7955D1D902CDE0072B0D2 /* Info.plist */ = {isa = PBXFileReference; lastKnownFileType = text.plist.xml; path = Info.plist; sourceTree = "<group>"; };
		5AB795621D902CDE0072B0D2 /* FlickrClientUITests.xctest */ = {isa = PBXFileReference; explicitFileType = wrapper.cfbundle; includeInIndex = 0; path = FlickrClientUITests.xctest; sourceTree = BUILT_PRODUCTS_DIR; };
		5AB795661D902CDE0072B0D2 /* FlickrClientUITests.swift */ = {isa = PBXFileReference; lastKnownFileType = sourcecode.swift; path = FlickrClientUITests.swift; sourceTree = "<group>"; };
		5AB795681D902CDE0072B0D2 /* Info.plist */ = {isa = PBXFileReference; lastKnownFileType = text.plist.xml; path = Info.plist; sourceTree = "<group>"; };
		5AB795B11D90AB430072B0D2 /* FlickrTableViewCell.swift */ = {isa = PBXFileReference; fileEncoding = 4; lastKnownFileType = sourcecode.swift; name = FlickrTableViewCell.swift; path = Models/FlickrTableViewCell.swift; sourceTree = "<group>"; };
		5AB795B51D90B8F10072B0D2 /* FlickrPhoto.swift */ = {isa = PBXFileReference; fileEncoding = 4; lastKnownFileType = sourcecode.swift; name = FlickrPhoto.swift; path = Models/FlickrPhoto.swift; sourceTree = "<group>"; };
		5AB795B81D90BB9D0072B0D2 /* FlickrPhotoDetailsViewController.swift */ = {isa = PBXFileReference; fileEncoding = 4; lastKnownFileType = sourcecode.swift; path = FlickrPhotoDetailsViewController.swift; sourceTree = "<group>"; };
		5AB795BE1D90E1C70072B0D2 /* FlickrService.swift */ = {isa = PBXFileReference; fileEncoding = 4; lastKnownFileType = sourcecode.swift; name = FlickrService.swift; path = Services/FlickrService.swift; sourceTree = "<group>"; };
		5AB795C11D90E1F60072B0D2 /* JsonUtil.swift */ = {isa = PBXFileReference; fileEncoding = 4; lastKnownFileType = sourcecode.swift; name = JsonUtil.swift; path = Utils/JsonUtil.swift; sourceTree = "<group>"; };
		5AB795C31D90E24E0072B0D2 /* Constants.swift */ = {isa = PBXFileReference; fileEncoding = 4; lastKnownFileType = sourcecode.swift; path = Constants.swift; sourceTree = "<group>"; };
		5AB795C91D91581C0072B0D2 /* URLBuilderUtil.swift */ = {isa = PBXFileReference; fileEncoding = 4; lastKnownFileType = sourcecode.swift; name = URLBuilderUtil.swift; path = Utils/URLBuilderUtil.swift; sourceTree = "<group>"; };
		5AB795CB1D9170CD0072B0D2 /* AlertUtil.swift */ = {isa = PBXFileReference; fileEncoding = 4; lastKnownFileType = sourcecode.swift; name = AlertUtil.swift; path = Utils/AlertUtil.swift; sourceTree = "<group>"; };
		5AB795D01D9271060072B0D2 /* NetworkUtil.swift */ = {isa = PBXFileReference; fileEncoding = 4; lastKnownFileType = sourcecode.swift; name = NetworkUtil.swift; path = Utils/NetworkUtil.swift; sourceTree = "<group>"; };
		5AB795D21D92724E0072B0D2 /* Reachability.swift */ = {isa = PBXFileReference; fileEncoding = 4; lastKnownFileType = sourcecode.swift; path = Reachability.swift; sourceTree = "<group>"; };
		94FDF6896F4FF6E771AB285D /* Pods_FlickrClient.framework */ = {isa = PBXFileReference; explicitFileType = wrapper.framework; includeInIndex = 0; path = Pods_FlickrClient.framework; sourceTree = BUILT_PRODUCTS_DIR; };
		FA95167A15D69B7D11663BEA /* Pods-FlickrClient.release.xcconfig */ = {isa = PBXFileReference; includeInIndex = 1; lastKnownFileType = text.xcconfig; name = "Pods-FlickrClient.release.xcconfig"; path = "Pods/Target Support Files/Pods-FlickrClient/Pods-FlickrClient.release.xcconfig"; sourceTree = "<group>"; };
		FE522CE85725792CA8ED1EC5 /* Pods-FlickrClient.debug.xcconfig */ = {isa = PBXFileReference; includeInIndex = 1; lastKnownFileType = text.xcconfig; name = "Pods-FlickrClient.debug.xcconfig"; path = "Pods/Target Support Files/Pods-FlickrClient/Pods-FlickrClient.debug.xcconfig"; sourceTree = "<group>"; };
/* End PBXFileReference section */

/* Begin PBXFrameworksBuildPhase section */
		5AB795401D902CDE0072B0D2 /* Frameworks */ = {
			isa = PBXFrameworksBuildPhase;
			buildActionMask = 2147483647;
			files = (
				081CF3623F01DD6CE47DA613 /* Pods_FlickrClient.framework in Frameworks */,
			);
			runOnlyForDeploymentPostprocessing = 0;
		};
		5AB795541D902CDE0072B0D2 /* Frameworks */ = {
			isa = PBXFrameworksBuildPhase;
			buildActionMask = 2147483647;
			files = (
			);
			runOnlyForDeploymentPostprocessing = 0;
		};
		5AB7955F1D902CDE0072B0D2 /* Frameworks */ = {
			isa = PBXFrameworksBuildPhase;
			buildActionMask = 2147483647;
			files = (
			);
			runOnlyForDeploymentPostprocessing = 0;
		};
/* End PBXFrameworksBuildPhase section */

/* Begin PBXGroup section */
		479D6C6EADBE54ED204241FE /* Frameworks */ = {
			isa = PBXGroup;
			children = (
				94FDF6896F4FF6E771AB285D /* Pods_FlickrClient.framework */,
			);
			name = Frameworks;
			sourceTree = "<group>";
		};
		5AB7953A1D902CDE0072B0D2 = {
			isa = PBXGroup;
			children = (
				5AB795451D902CDE0072B0D2 /* FlickrClient */,
				5AB7955A1D902CDE0072B0D2 /* FlickrClientTests */,
				5AB795651D902CDE0072B0D2 /* FlickrClientUITests */,
				5AB795441D902CDE0072B0D2 /* Products */,
				F62B353C178DEFE6F4D00624 /* Pods */,
				479D6C6EADBE54ED204241FE /* Frameworks */,
			);
			sourceTree = "<group>";
		};
		5AB795441D902CDE0072B0D2 /* Products */ = {
			isa = PBXGroup;
			children = (
				5AB795431D902CDE0072B0D2 /* FlickrClient.app */,
				5AB795571D902CDE0072B0D2 /* FlickrClientTests.xctest */,
				5AB795621D902CDE0072B0D2 /* FlickrClientUITests.xctest */,
			);
			name = Products;
			sourceTree = "<group>";
		};
		5AB795451D902CDE0072B0D2 /* FlickrClient */ = {
			isa = PBXGroup;
			children = (
				5AB795B71D90BB3C0072B0D2 /* ViewControllers */,
				5AB795BD1D90E1A40072B0D2 /* Services */,
				5AB795C01D90E1E30072B0D2 /* Utils */,
				5AB795B01D90AB1C0072B0D2 /* Models */,
				5AB795461D902CDE0072B0D2 /* AppDelegate.swift */,
				5AB7954A1D902CDE0072B0D2 /* Main.storyboard */,
				5AB7954D1D902CDE0072B0D2 /* Assets.xcassets */,
				5AB7954F1D902CDE0072B0D2 /* LaunchScreen.storyboard */,
				5AB795521D902CDE0072B0D2 /* Info.plist */,
			);
			path = FlickrClient;
			sourceTree = "<group>";
		};
		5AB7955A1D902CDE0072B0D2 /* FlickrClientTests */ = {
			isa = PBXGroup;
			children = (
				5AB7955B1D902CDE0072B0D2 /* FlickrClientTests.swift */,
				5AB7955D1D902CDE0072B0D2 /* Info.plist */,
			);
			path = FlickrClientTests;
			sourceTree = "<group>";
		};
		5AB795651D902CDE0072B0D2 /* FlickrClientUITests */ = {
			isa = PBXGroup;
			children = (
				5AB795661D902CDE0072B0D2 /* FlickrClientUITests.swift */,
				5AB795681D902CDE0072B0D2 /* Info.plist */,
			);
			path = FlickrClientUITests;
			sourceTree = "<group>";
		};
		5AB795B01D90AB1C0072B0D2 /* Models */ = {
			isa = PBXGroup;
			children = (
				5AB795B51D90B8F10072B0D2 /* FlickrPhoto.swift */,
				5AB795B11D90AB430072B0D2 /* FlickrTableViewCell.swift */,
			);
			name = Models;
			sourceTree = "<group>";
		};
		5AB795B71D90BB3C0072B0D2 /* ViewControllers */ = {
			isa = PBXGroup;
			children = (
				5AB795481D902CDE0072B0D2 /* FlickrSearchViewController.swift */,
				5AB795B81D90BB9D0072B0D2 /* FlickrPhotoDetailsViewController.swift */,
			);
			name = ViewControllers;
			sourceTree = "<group>";
		};
		5AB795BD1D90E1A40072B0D2 /* Services */ = {
			isa = PBXGroup;
			children = (
				5AB795BE1D90E1C70072B0D2 /* FlickrService.swift */,
			);
			name = Services;
			sourceTree = "<group>";
		};
		5AB795C01D90E1E30072B0D2 /* Utils */ = {
			isa = PBXGroup;
			children = (
				5AB795CD1D9270ED0072B0D2 /* Vendor */,
				5AB795C11D90E1F60072B0D2 /* JsonUtil.swift */,
				5AB795C31D90E24E0072B0D2 /* Constants.swift */,
				5AB795C91D91581C0072B0D2 /* URLBuilderUtil.swift */,
				5AB795CB1D9170CD0072B0D2 /* AlertUtil.swift */,
				5AB795D01D9271060072B0D2 /* NetworkUtil.swift */,
			);
			name = Utils;
			sourceTree = "<group>";
		};
		5AB795CD1D9270ED0072B0D2 /* Vendor */ = {
			isa = PBXGroup;
			children = (
				5AB795D21D92724E0072B0D2 /* Reachability.swift */,
			);
			name = Vendor;
			sourceTree = "<group>";
		};
		F62B353C178DEFE6F4D00624 /* Pods */ = {
			isa = PBXGroup;
			children = (
				FE522CE85725792CA8ED1EC5 /* Pods-FlickrClient.debug.xcconfig */,
				FA95167A15D69B7D11663BEA /* Pods-FlickrClient.release.xcconfig */,
			);
			name = Pods;
			sourceTree = "<group>";
		};
/* End PBXGroup section */

/* Begin PBXNativeTarget section */
		5AB795421D902CDE0072B0D2 /* FlickrClient */ = {
			isa = PBXNativeTarget;
			buildConfigurationList = 5AB7956B1D902CDE0072B0D2 /* Build configuration list for PBXNativeTarget "FlickrClient" */;
			buildPhases = (
				C143381AADE6410FE73292AC /* [CP] Check Pods Manifest.lock */,
				5AB7953F1D902CDE0072B0D2 /* Sources */,
				5AB795401D902CDE0072B0D2 /* Frameworks */,
				5AB795411D902CDE0072B0D2 /* Resources */,
				59450133B6A590C2CC4B3F4A /* [CP] Embed Pods Frameworks */,
				5C275FCF45CDF45345A4A3B8 /* [CP] Copy Pods Resources */,
			);
			buildRules = (
			);
			dependencies = (
			);
			name = FlickrClient;
			productName = FlickrClient;
			productReference = 5AB795431D902CDE0072B0D2 /* FlickrClient.app */;
			productType = "com.apple.product-type.application";
		};
		5AB795561D902CDE0072B0D2 /* FlickrClientTests */ = {
			isa = PBXNativeTarget;
			buildConfigurationList = 5AB7956E1D902CDE0072B0D2 /* Build configuration list for PBXNativeTarget "FlickrClientTests" */;
			buildPhases = (
				5AB795531D902CDE0072B0D2 /* Sources */,
				5AB795541D902CDE0072B0D2 /* Frameworks */,
				5AB795551D902CDE0072B0D2 /* Resources */,
			);
			buildRules = (
			);
			dependencies = (
				5AB795591D902CDE0072B0D2 /* PBXTargetDependency */,
			);
			name = FlickrClientTests;
			productName = FlickrClientTests;
			productReference = 5AB795571D902CDE0072B0D2 /* FlickrClientTests.xctest */;
			productType = "com.apple.product-type.bundle.unit-test";
		};
		5AB795611D902CDE0072B0D2 /* FlickrClientUITests */ = {
			isa = PBXNativeTarget;
			buildConfigurationList = 5AB795711D902CDE0072B0D2 /* Build configuration list for PBXNativeTarget "FlickrClientUITests" */;
			buildPhases = (
				5AB7955E1D902CDE0072B0D2 /* Sources */,
				5AB7955F1D902CDE0072B0D2 /* Frameworks */,
				5AB795601D902CDE0072B0D2 /* Resources */,
			);
			buildRules = (
			);
			dependencies = (
				5AB795641D902CDE0072B0D2 /* PBXTargetDependency */,
			);
			name = FlickrClientUITests;
			productName = FlickrClientUITests;
			productReference = 5AB795621D902CDE0072B0D2 /* FlickrClientUITests.xctest */;
			productType = "com.apple.product-type.bundle.ui-testing";
		};
/* End PBXNativeTarget section */

/* Begin PBXProject section */
		5AB7953B1D902CDE0072B0D2 /* Project object */ = {
			isa = PBXProject;
			attributes = {
				LastSwiftUpdateCheck = 0800;
				LastUpgradeCheck = 0800;
				ORGANIZATIONNAME = "Karim Ihab";
				TargetAttributes = {
					5AB795421D902CDE0072B0D2 = {
						CreatedOnToolsVersion = 8.0;
						LastSwiftMigration = 0800;
						ProvisioningStyle = Automatic;
					};
					5AB795561D902CDE0072B0D2 = {
						CreatedOnToolsVersion = 8.0;
						LastSwiftMigration = 0800;
						ProvisioningStyle = Automatic;
						TestTargetID = 5AB795421D902CDE0072B0D2;
					};
					5AB795611D902CDE0072B0D2 = {
						CreatedOnToolsVersion = 8.0;
						LastSwiftMigration = 0800;
						ProvisioningStyle = Automatic;
						TestTargetID = 5AB795421D902CDE0072B0D2;
					};
				};
			};
			buildConfigurationList = 5AB7953E1D902CDE0072B0D2 /* Build configuration list for PBXProject "FlickrClient" */;
			compatibilityVersion = "Xcode 3.2";
			developmentRegion = English;
			hasScannedForEncodings = 0;
			knownRegions = (
				en,
				Base,
			);
			mainGroup = 5AB7953A1D902CDE0072B0D2;
			productRefGroup = 5AB795441D902CDE0072B0D2 /* Products */;
			projectDirPath = "";
			projectRoot = "";
			targets = (
				5AB795421D902CDE0072B0D2 /* FlickrClient */,
				5AB795561D902CDE0072B0D2 /* FlickrClientTests */,
				5AB795611D902CDE0072B0D2 /* FlickrClientUITests */,
			);
		};
/* End PBXProject section */

/* Begin PBXResourcesBuildPhase section */
		5AB795411D902CDE0072B0D2 /* Resources */ = {
			isa = PBXResourcesBuildPhase;
			buildActionMask = 2147483647;
			files = (
				5AB795511D902CDE0072B0D2 /* LaunchScreen.storyboard in Resources */,
				5AB7954E1D902CDE0072B0D2 /* Assets.xcassets in Resources */,
				5AB7954C1D902CDE0072B0D2 /* Main.storyboard in Resources */,
			);
			runOnlyForDeploymentPostprocessing = 0;
		};
		5AB795551D902CDE0072B0D2 /* Resources */ = {
			isa = PBXResourcesBuildPhase;
			buildActionMask = 2147483647;
			files = (
			);
			runOnlyForDeploymentPostprocessing = 0;
		};
		5AB795601D902CDE0072B0D2 /* Resources */ = {
			isa = PBXResourcesBuildPhase;
			buildActionMask = 2147483647;
			files = (
			);
			runOnlyForDeploymentPostprocessing = 0;
		};
/* End PBXResourcesBuildPhase section */

/* Begin PBXShellScriptBuildPhase section */
		59450133B6A590C2CC4B3F4A /* [CP] Embed Pods Frameworks */ = {
			isa = PBXShellScriptBuildPhase;
			buildActionMask = 2147483647;
			files = (
			);
			inputPaths = (
			);
			name = "[CP] Embed Pods Frameworks";
			outputPaths = (
			);
			runOnlyForDeploymentPostprocessing = 0;
			shellPath = /bin/sh;
			shellScript = "\"${SRCROOT}/Pods/Target Support Files/Pods-FlickrClient/Pods-FlickrClient-frameworks.sh\"\n";
			showEnvVarsInLog = 0;
		};
		5C275FCF45CDF45345A4A3B8 /* [CP] Copy Pods Resources */ = {
			isa = PBXShellScriptBuildPhase;
			buildActionMask = 2147483647;
			files = (
			);
			inputPaths = (
			);
			name = "[CP] Copy Pods Resources";
			outputPaths = (
			);
			runOnlyForDeploymentPostprocessing = 0;
			shellPath = /bin/sh;
			shellScript = "\"${SRCROOT}/Pods/Target Support Files/Pods-FlickrClient/Pods-FlickrClient-resources.sh\"\n";
			showEnvVarsInLog = 0;
		};
		C143381AADE6410FE73292AC /* [CP] Check Pods Manifest.lock */ = {
			isa = PBXShellScriptBuildPhase;
			buildActionMask = 2147483647;
			files = (
			);
			inputPaths = (
			);
			name = "[CP] Check Pods Manifest.lock";
			outputPaths = (
			);
			runOnlyForDeploymentPostprocessing = 0;
			shellPath = /bin/sh;
			shellScript = "diff \"${PODS_ROOT}/../Podfile.lock\" \"${PODS_ROOT}/Manifest.lock\" > /dev/null\nif [[ $? != 0 ]] ; then\n    cat << EOM\nerror: The sandbox is not in sync with the Podfile.lock. Run 'pod install' or update your CocoaPods installation.\nEOM\n    exit 1\nfi\n";
			showEnvVarsInLog = 0;
		};
/* End PBXShellScriptBuildPhase section */

/* Begin PBXSourcesBuildPhase section */
		5AB7953F1D902CDE0072B0D2 /* Sources */ = {
			isa = PBXSourcesBuildPhase;
			buildActionMask = 2147483647;
			files = (
				5AB795D11D9271060072B0D2 /* NetworkUtil.swift in Sources */,
				5AB795B21D90AB430072B0D2 /* FlickrTableViewCell.swift in Sources */,
				5AB795D31D92724E0072B0D2 /* Reachability.swift in Sources */,
				5AB795B61D90B8F10072B0D2 /* FlickrPhoto.swift in Sources */,
				5AB795C21D90E1F60072B0D2 /* JsonUtil.swift in Sources */,
				5AB795CA1D91581C0072B0D2 /* URLBuilderUtil.swift in Sources */,
				5AB795CC1D9170CD0072B0D2 /* AlertUtil.swift in Sources */,
				5AB795BF1D90E1C70072B0D2 /* FlickrService.swift in Sources */,
				5AB795491D902CDE0072B0D2 /* FlickrSearchViewController.swift in Sources */,
				5AB795B91D90BB9D0072B0D2 /* FlickrPhotoDetailsViewController.swift in Sources */,
				5AB795471D902CDE0072B0D2 /* AppDelegate.swift in Sources */,
				5AB795C41D90E24E0072B0D2 /* Constants.swift in Sources */,
			);
			runOnlyForDeploymentPostprocessing = 0;
		};
		5AB795531D902CDE0072B0D2 /* Sources */ = {
			isa = PBXSourcesBuildPhase;
			buildActionMask = 2147483647;
			files = (
				5AB7955C1D902CDE0072B0D2 /* FlickrClientTests.swift in Sources */,
			);
			runOnlyForDeploymentPostprocessing = 0;
		};
		5AB7955E1D902CDE0072B0D2 /* Sources */ = {
			isa = PBXSourcesBuildPhase;
			buildActionMask = 2147483647;
			files = (
				5AB795671D902CDE0072B0D2 /* FlickrClientUITests.swift in Sources */,
			);
			runOnlyForDeploymentPostprocessing = 0;
		};
/* End PBXSourcesBuildPhase section */

/* Begin PBXTargetDependency section */
		5AB795591D902CDE0072B0D2 /* PBXTargetDependency */ = {
			isa = PBXTargetDependency;
			target = 5AB795421D902CDE0072B0D2 /* FlickrClient */;
			targetProxy = 5AB795581D902CDE0072B0D2 /* PBXContainerItemProxy */;
		};
		5AB795641D902CDE0072B0D2 /* PBXTargetDependency */ = {
			isa = PBXTargetDependency;
			target = 5AB795421D902CDE0072B0D2 /* FlickrClient */;
			targetProxy = 5AB795631D902CDE0072B0D2 /* PBXContainerItemProxy */;
		};
/* End PBXTargetDependency section */

/* Begin PBXVariantGroup section */
		5AB7954A1D902CDE0072B0D2 /* Main.storyboard */ = {
			isa = PBXVariantGroup;
			children = (
				5AB7954B1D902CDE0072B0D2 /* Base */,
			);
			name = Main.storyboard;
			sourceTree = "<group>";
		};
		5AB7954F1D902CDE0072B0D2 /* LaunchScreen.storyboard */ = {
			isa = PBXVariantGroup;
			children = (
				5AB795501D902CDE0072B0D2 /* Base */,
			);
			name = LaunchScreen.storyboard;
			sourceTree = "<group>";
		};
/* End PBXVariantGroup section */

/* Begin XCBuildConfiguration section */
		5AB795691D902CDE0072B0D2 /* Debug */ = {
			isa = XCBuildConfiguration;
			buildSettings = {
				ALWAYS_SEARCH_USER_PATHS = NO;
				CLANG_ANALYZER_NONNULL = YES;
				CLANG_CXX_LANGUAGE_STANDARD = "gnu++0x";
				CLANG_CXX_LIBRARY = "libc++";
				CLANG_ENABLE_MODULES = YES;
				CLANG_ENABLE_OBJC_ARC = YES;
				CLANG_WARN_BOOL_CONVERSION = YES;
				CLANG_WARN_CONSTANT_CONVERSION = YES;
				CLANG_WARN_DIRECT_OBJC_ISA_USAGE = YES_ERROR;
				CLANG_WARN_DOCUMENTATION_COMMENTS = YES;
				CLANG_WARN_EMPTY_BODY = YES;
				CLANG_WARN_ENUM_CONVERSION = YES;
				CLANG_WARN_INFINITE_RECURSION = YES;
				CLANG_WARN_INT_CONVERSION = YES;
				CLANG_WARN_OBJC_ROOT_CLASS = YES_ERROR;
				CLANG_WARN_SUSPICIOUS_MOVES = YES;
				CLANG_WARN_UNREACHABLE_CODE = YES;
				CLANG_WARN__DUPLICATE_METHOD_MATCH = YES;
				"CODE_SIGN_IDENTITY[sdk=iphoneos*]" = "iPhone Developer";
				COPY_PHASE_STRIP = NO;
				DEBUG_INFORMATION_FORMAT = dwarf;
				ENABLE_STRICT_OBJC_MSGSEND = YES;
				ENABLE_TESTABILITY = YES;
				GCC_C_LANGUAGE_STANDARD = gnu99;
				GCC_DYNAMIC_NO_PIC = NO;
				GCC_NO_COMMON_BLOCKS = YES;
				GCC_OPTIMIZATION_LEVEL = 0;
				GCC_PREPROCESSOR_DEFINITIONS = (
					"DEBUG=1",
					"$(inherited)",
				);
				GCC_WARN_64_TO_32_BIT_CONVERSION = YES;
				GCC_WARN_ABOUT_RETURN_TYPE = YES_ERROR;
				GCC_WARN_UNDECLARED_SELECTOR = YES;
				GCC_WARN_UNINITIALIZED_AUTOS = YES_AGGRESSIVE;
				GCC_WARN_UNUSED_FUNCTION = YES;
				GCC_WARN_UNUSED_VARIABLE = YES;
				IPHONEOS_DEPLOYMENT_TARGET = 10.0;
				MTL_ENABLE_DEBUG_INFO = YES;
				ONLY_ACTIVE_ARCH = YES;
				SDKROOT = iphoneos;
				SWIFT_ACTIVE_COMPILATION_CONDITIONS = DEBUG;
				SWIFT_OPTIMIZATION_LEVEL = "-Onone";
			};
			name = Debug;
		};
		5AB7956A1D902CDE0072B0D2 /* Release */ = {
			isa = XCBuildConfiguration;
			buildSettings = {
				ALWAYS_SEARCH_USER_PATHS = NO;
				CLANG_ANALYZER_NONNULL = YES;
				CLANG_CXX_LANGUAGE_STANDARD = "gnu++0x";
				CLANG_CXX_LIBRARY = "libc++";
				CLANG_ENABLE_MODULES = YES;
				CLANG_ENABLE_OBJC_ARC = YES;
				CLANG_WARN_BOOL_CONVERSION = YES;
				CLANG_WARN_CONSTANT_CONVERSION = YES;
				CLANG_WARN_DIRECT_OBJC_ISA_USAGE = YES_ERROR;
				CLANG_WARN_DOCUMENTATION_COMMENTS = YES;
				CLANG_WARN_EMPTY_BODY = YES;
				CLANG_WARN_ENUM_CONVERSION = YES;
				CLANG_WARN_INFINITE_RECURSION = YES;
				CLANG_WARN_INT_CONVERSION = YES;
				CLANG_WARN_OBJC_ROOT_CLASS = YES_ERROR;
				CLANG_WARN_SUSPICIOUS_MOVES = YES;
				CLANG_WARN_UNREACHABLE_CODE = YES;
				CLANG_WARN__DUPLICATE_METHOD_MATCH = YES;
				"CODE_SIGN_IDENTITY[sdk=iphoneos*]" = "iPhone Developer";
				COPY_PHASE_STRIP = NO;
				DEBUG_INFORMATION_FORMAT = "dwarf-with-dsym";
				ENABLE_NS_ASSERTIONS = NO;
				ENABLE_STRICT_OBJC_MSGSEND = YES;
				GCC_C_LANGUAGE_STANDARD = gnu99;
				GCC_NO_COMMON_BLOCKS = YES;
				GCC_WARN_64_TO_32_BIT_CONVERSION = YES;
				GCC_WARN_ABOUT_RETURN_TYPE = YES_ERROR;
				GCC_WARN_UNDECLARED_SELECTOR = YES;
				GCC_WARN_UNINITIALIZED_AUTOS = YES_AGGRESSIVE;
				GCC_WARN_UNUSED_FUNCTION = YES;
				GCC_WARN_UNUSED_VARIABLE = YES;
				IPHONEOS_DEPLOYMENT_TARGET = 10.0;
				MTL_ENABLE_DEBUG_INFO = NO;
				SDKROOT = iphoneos;
				SWIFT_OPTIMIZATION_LEVEL = "-Owholemodule";
				VALIDATE_PRODUCT = YES;
			};
			name = Release;
		};
		5AB7956C1D902CDE0072B0D2 /* Debug */ = {
			isa = XCBuildConfiguration;
			baseConfigurationReference = FE522CE85725792CA8ED1EC5 /* Pods-FlickrClient.debug.xcconfig */;
			buildSettings = {
				ASSETCATALOG_COMPILER_APPICON_NAME = AppIcon;
				INFOPLIST_FILE = FlickrClient/Info.plist;
				LD_RUNPATH_SEARCH_PATHS = "$(inherited) @executable_path/Frameworks";
				PRODUCT_BUNDLE_IDENTIFIER = com.mobiquity.FlickrClient;
				PRODUCT_NAME = "$(TARGET_NAME)";
				SWIFT_VERSION = 3.0;
			};
			name = Debug;
		};
		5AB7956D1D902CDE0072B0D2 /* Release */ = {
			isa = XCBuildConfiguration;
			baseConfigurationReference = FA95167A15D69B7D11663BEA /* Pods-FlickrClient.release.xcconfig */;
			buildSettings = {
				ASSETCATALOG_COMPILER_APPICON_NAME = AppIcon;
				INFOPLIST_FILE = FlickrClient/Info.plist;
				LD_RUNPATH_SEARCH_PATHS = "$(inherited) @executable_path/Frameworks";
				PRODUCT_BUNDLE_IDENTIFIER = com.mobiquity.FlickrClient;
				PRODUCT_NAME = "$(TARGET_NAME)";
				SWIFT_VERSION = 3.0;
			};
			name = Release;
		};
		5AB7956F1D902CDE0072B0D2 /* Debug */ = {
			isa = XCBuildConfiguration;
			buildSettings = {
				ALWAYS_EMBED_SWIFT_STANDARD_LIBRARIES = YES;
				BUNDLE_LOADER = "$(TEST_HOST)";
				INFOPLIST_FILE = FlickrClientTests/Info.plist;
				LD_RUNPATH_SEARCH_PATHS = "$(inherited) @executable_path/Frameworks @loader_path/Frameworks";
				PRODUCT_BUNDLE_IDENTIFIER = com.mobiquity.FlickrClientTests;
				PRODUCT_NAME = "$(TARGET_NAME)";
				SWIFT_VERSION = 3.0;
				TEST_HOST = "$(BUILT_PRODUCTS_DIR)/FlickrClient.app/FlickrClient";
			};
			name = Debug;
		};
		5AB795701D902CDE0072B0D2 /* Release */ = {
			isa = XCBuildConfiguration;
			buildSettings = {
				ALWAYS_EMBED_SWIFT_STANDARD_LIBRARIES = YES;
				BUNDLE_LOADER = "$(TEST_HOST)";
				INFOPLIST_FILE = FlickrClientTests/Info.plist;
				LD_RUNPATH_SEARCH_PATHS = "$(inherited) @executable_path/Frameworks @loader_path/Frameworks";
				PRODUCT_BUNDLE_IDENTIFIER = com.mobiquity.FlickrClientTests;
				PRODUCT_NAME = "$(TARGET_NAME)";
				SWIFT_VERSION = 3.0;
				TEST_HOST = "$(BUILT_PRODUCTS_DIR)/FlickrClient.app/FlickrClient";
			};
			name = Release;
		};
		5AB795721D902CDE0072B0D2 /* Debug */ = {
			isa = XCBuildConfiguration;
			buildSettings = {
				ALWAYS_EMBED_SWIFT_STANDARD_LIBRARIES = YES;
				INFOPLIST_FILE = FlickrClientUITests/Info.plist;
				LD_RUNPATH_SEARCH_PATHS = "$(inherited) @executable_path/Frameworks @loader_path/Frameworks";
				PRODUCT_BUNDLE_IDENTIFIER = com.mobiquity.FlickrClientUITests;
				PRODUCT_NAME = "$(TARGET_NAME)";
				SWIFT_VERSION = 3.0;
				TEST_TARGET_NAME = FlickrClient;
			};
			name = Debug;
		};
		5AB795731D902CDE0072B0D2 /* Release */ = {
			isa = XCBuildConfiguration;
			buildSettings = {
				ALWAYS_EMBED_SWIFT_STANDARD_LIBRARIES = YES;
				INFOPLIST_FILE = FlickrClientUITests/Info.plist;
				LD_RUNPATH_SEARCH_PATHS = "$(inherited) @executable_path/Frameworks @loader_path/Frameworks";
				PRODUCT_BUNDLE_IDENTIFIER = com.mobiquity.FlickrClientUITests;
				PRODUCT_NAME = "$(TARGET_NAME)";
				SWIFT_VERSION = 3.0;
				TEST_TARGET_NAME = FlickrClient;
			};
			name = Release;
		};
/* End XCBuildConfiguration section */

/* Begin XCConfigurationList section */
		5AB7953E1D902CDE0072B0D2 /* Build configuration list for PBXProject "FlickrClient" */ = {
			isa = XCConfigurationList;
			buildConfigurations = (
				5AB795691D902CDE0072B0D2 /* Debug */,
				5AB7956A1D902CDE0072B0D2 /* Release */,
			);
			defaultConfigurationIsVisible = 0;
			defaultConfigurationName = Release;
		};
		5AB7956B1D902CDE0072B0D2 /* Build configuration list for PBXNativeTarget "FlickrClient" */ = {
			isa = XCConfigurationList;
			buildConfigurations = (
				5AB7956C1D902CDE0072B0D2 /* Debug */,
				5AB7956D1D902CDE0072B0D2 /* Release */,
			);
			defaultConfigurationIsVisible = 0;
			defaultConfigurationName = Release;
		};
		5AB7956E1D902CDE0072B0D2 /* Build configuration list for PBXNativeTarget "FlickrClientTests" */ = {
			isa = XCConfigurationList;
			buildConfigurations = (
				5AB7956F1D902CDE0072B0D2 /* Debug */,
				5AB795701D902CDE0072B0D2 /* Release */,
			);
			defaultConfigurationIsVisible = 0;
			defaultConfigurationName = Release;
		};
		5AB795711D902CDE0072B0D2 /* Build configuration list for PBXNativeTarget "FlickrClientUITests" */ = {
			isa = XCConfigurationList;
			buildConfigurations = (
				5AB795721D902CDE0072B0D2 /* Debug */,
				5AB795731D902CDE0072B0D2 /* Release */,
			);
			defaultConfigurationIsVisible = 0;
			defaultConfigurationName = Release;
		};
/* End XCConfigurationList section */
	};
	rootObject = 5AB7953B1D902CDE0072B0D2 /* Project object */;
}
